
Microsoft Visual Studio Solution File, Format Version 12.00
# Visual Studio Version 17
VisualStudioVersion = 17.10.35004.147
MinimumVisualStudioVersion = 10.0.40219.1
Project("{FAE04EC0-301F-11D3-BF4B-00C04F79EFBC}") = "FileHub", "FileHub.csproj", "{86260E91-4B26-40FD-B960-008D11A327E1}"
EndProject
Global
	GlobalSection(SolutionConfigurationPlatforms) = preSolution
		Debug|Any CPU = Debug|Any CPU
		Release|Any CPU = Release|Any CPU
	EndGlobalSection
	GlobalSection(ProjectConfigurationPlatforms) = postSolution
		{86260E91-4B26-40FD-B960-008D11A327E1}.Debug|Any CPU.ActiveCfg = Debug|Any CPU
		{86260E91-4B26-40FD-B960-008D11A327E1}.Debug|Any CPU.Build.0 = Debug|Any CPU
		{86260E91-4B26-40FD-B960-008D11A327E1}.Release|Any CPU.ActiveCfg = Release|Any CPU
		{86260E91-4B26-40FD-B960-008D11A327E1}.Release|Any CPU.Build.0 = Release|Any CPU
	EndGlobalSection
	GlobalSection(SolutionProperties) = preSolution
		HideSolutionNode = FALSE
	EndGlobalSection
	GlobalSection(ExtensibilityGlobals) = postSolution
		SolutionGuid = {2608E450-549E-4692-9254-BEBA6CFEAF9F}
	EndGlobalSection
EndGlobal
